
Microsoft Visual Studio Solution File, Format Version 12.00
# Visual Studio Version 17
VisualStudioVersion = 17.7.34031.279
MinimumVisualStudioVersion = 10.0.40219.1
Project("{FAE04EC0-301F-11D3-BF4B-00C04F79EFBC}") = "IFToria", "IFToria.csproj", "{44CBE0E4-ABC7-4D65-9E68-27AFF31FF0D9}"
EndProject
Global
	GlobalSection(SolutionConfigurationPlatforms) = preSolution
		Debug|Any CPU = Debug|Any CPU
		Release|Any CPU = Release|Any CPU
	EndGlobalSection
	GlobalSection(ProjectConfigurationPlatforms) = postSolution
		{44CBE0E4-ABC7-4D65-9E68-27AFF31FF0D9}.Debug|Any CPU.ActiveCfg = Debug|Any CPU
		{44CBE0E4-ABC7-4D65-9E68-27AFF31FF0D9}.Debug|Any CPU.Build.0 = Debug|Any CPU
		{44CBE0E4-ABC7-4D65-9E68-27AFF31FF0D9}.Release|Any CPU.ActiveCfg = Release|Any CPU
		{44CBE0E4-ABC7-4D65-9E68-27AFF31FF0D9}.Release|Any CPU.Build.0 = Release|Any CPU
	EndGlobalSection
	GlobalSection(SolutionProperties) = preSolution
		HideSolutionNode = FALSE
	EndGlobalSection
	GlobalSection(ExtensibilityGlobals) = postSolution
		SolutionGuid = {02281FA0-D4C1-4A41-AB0C-0CF8D7762935}
	EndGlobalSection
EndGlobal
